// !$*UTF8*$!
{
	archiveVersion = 1;
	classes = {
	};
	objectVersion = 50;
	objects = {

/* Begin PBXBuildFile section */
		5F2D1471BEB9451475BA37F6 /* Pods_Localizable_Test.framework in Frameworks */ = {isa = PBXBuildFile; fileRef = CA231C824D136B264AC1C17E /* Pods_Localizable_Test.framework */; };
		92392C8A22AD697700E357C8 /* AppDelegate.swift in Sources */ = {isa = PBXBuildFile; fileRef = 92392C8922AD697700E357C8 /* AppDelegate.swift */; };
		92392C8C22AD697700E357C8 /* ViewController.swift in Sources */ = {isa = PBXBuildFile; fileRef = 92392C8B22AD697700E357C8 /* ViewController.swift */; };
		92392C8F22AD697700E357C8 /* Main.storyboard in Resources */ = {isa = PBXBuildFile; fileRef = 92392C8D22AD697700E357C8 /* Main.storyboard */; };
		92392C9122AD697900E357C8 /* Assets.xcassets in Resources */ = {isa = PBXBuildFile; fileRef = 92392C9022AD697900E357C8 /* Assets.xcassets */; };
		92392C9422AD697900E357C8 /* LaunchScreen.storyboard in Resources */ = {isa = PBXBuildFile; fileRef = 92392C9222AD697900E357C8 /* LaunchScreen.storyboard */; };
		92392C9F22AD6AA500E357C8 /* String+Localizable.swift in Sources */ = {isa = PBXBuildFile; fileRef = 92392C9E22AD6AA500E357C8 /* String+Localizable.swift */; };
		92392CA622AD72D400E357C8 /* Localizable.strings in Resources */ = {isa = PBXBuildFile; fileRef = 92392CA822AD72D400E357C8 /* Localizable.strings */; };
		92392CAC22AD7C8C00E357C8 /* R.generated.swift in Sources */ = {isa = PBXBuildFile; fileRef = 92392CAB22AD7C8B00E357C8 /* R.generated.swift */; };
/* End PBXBuildFile section */

/* Begin PBXFileReference section */
		92392C8622AD697700E357C8 /* Localizable-Test.app */ = {isa = PBXFileReference; explicitFileType = wrapper.application; includeInIndex = 0; path = "Localizable-Test.app"; sourceTree = BUILT_PRODUCTS_DIR; };
		92392C8922AD697700E357C8 /* AppDelegate.swift */ = {isa = PBXFileReference; lastKnownFileType = sourcecode.swift; path = AppDelegate.swift; sourceTree = "<group>"; };
		92392C8B22AD697700E357C8 /* ViewController.swift */ = {isa = PBXFileReference; lastKnownFileType = sourcecode.swift; path = ViewController.swift; sourceTree = "<group>"; };
		92392C8E22AD697700E357C8 /* Base */ = {isa = PBXFileReference; lastKnownFileType = file.storyboard; name = Base; path = Base.lproj/Main.storyboard; sourceTree = "<group>"; };
		92392C9022AD697900E357C8 /* Assets.xcassets */ = {isa = PBXFileReference; lastKnownFileType = folder.assetcatalog; path = Assets.xcassets; sourceTree = "<group>"; };
		92392C9322AD697900E357C8 /* Base */ = {isa = PBXFileReference; lastKnownFileType = file.storyboard; name = Base; path = Base.lproj/LaunchScreen.storyboard; sourceTree = "<group>"; };
		92392C9522AD697900E357C8 /* Info.plist */ = {isa = PBXFileReference; lastKnownFileType = text.plist.xml; path = Info.plist; sourceTree = "<group>"; };
		92392C9E22AD6AA500E357C8 /* String+Localizable.swift */ = {isa = PBXFileReference; lastKnownFileType = sourcecode.swift; path = "String+Localizable.swift"; sourceTree = "<group>"; };
		92392CA722AD72D400E357C8 /* en */ = {isa = PBXFileReference; lastKnownFileType = text.plist.strings; name = en; path = en.lproj/Localizable.strings; sourceTree = "<group>"; };
		92392CA922AD72D500E357C8 /* ru */ = {isa = PBXFileReference; lastKnownFileType = text.plist.strings; name = ru; path = ru.lproj/Localizable.strings; sourceTree = "<group>"; };
		92392CAB22AD7C8B00E357C8 /* R.generated.swift */ = {isa = PBXFileReference; fileEncoding = 4; lastKnownFileType = sourcecode.swift; path = R.generated.swift; sourceTree = SOURCE_ROOT; };
		C9B27E60D885E01253FC6027 /* Pods-Localizable-Test.release.xcconfig */ = {isa = PBXFileReference; includeInIndex = 1; lastKnownFileType = text.xcconfig; name = "Pods-Localizable-Test.release.xcconfig"; path = "Target Support Files/Pods-Localizable-Test/Pods-Localizable-Test.release.xcconfig"; sourceTree = "<group>"; };
		CA231C824D136B264AC1C17E /* Pods_Localizable_Test.framework */ = {isa = PBXFileReference; explicitFileType = wrapper.framework; includeInIndex = 0; path = Pods_Localizable_Test.framework; sourceTree = BUILT_PRODUCTS_DIR; };
		E364DF04FFDE1D173903445A /* Pods-Localizable-Test.debug.xcconfig */ = {isa = PBXFileReference; includeInIndex = 1; lastKnownFileType = text.xcconfig; name = "Pods-Localizable-Test.debug.xcconfig"; path = "Target Support Files/Pods-Localizable-Test/Pods-Localizable-Test.debug.xcconfig"; sourceTree = "<group>"; };
/* End PBXFileReference section */

/* Begin PBXFrameworksBuildPhase section */
		92392C8322AD697700E357C8 /* Frameworks */ = {
			isa = PBXFrameworksBuildPhase;
			buildActionMask = 2147483647;
			files = (
				5F2D1471BEB9451475BA37F6 /* Pods_Localizable_Test.framework in Frameworks */,
			);
			runOnlyForDeploymentPostprocessing = 0;
		};
/* End PBXFrameworksBuildPhase section */

/* Begin PBXGroup section */
		18583D90E84927C70BBC2B37 /* Pods */ = {
			isa = PBXGroup;
			children = (
				E364DF04FFDE1D173903445A /* Pods-Localizable-Test.debug.xcconfig */,
				C9B27E60D885E01253FC6027 /* Pods-Localizable-Test.release.xcconfig */,
			);
			path = Pods;
			sourceTree = "<group>";
		};
		92392C7D22AD697700E357C8 = {
			isa = PBXGroup;
			children = (
				92392C8822AD697700E357C8 /* Localizable-Test */,
				92392C8722AD697700E357C8 /* Products */,
				18583D90E84927C70BBC2B37 /* Pods */,
				9315F3C8578E59A53F5B0390 /* Frameworks */,
			);
			sourceTree = "<group>";
		};
		92392C8722AD697700E357C8 /* Products */ = {
			isa = PBXGroup;
			children = (
				92392C8622AD697700E357C8 /* Localizable-Test.app */,
			);
			name = Products;
			sourceTree = "<group>";
		};
		92392C8822AD697700E357C8 /* Localizable-Test */ = {
			isa = PBXGroup;
			children = (
				92392C9D22AD6A6B00E357C8 /* Resources */,
				92392C9522AD697900E357C8 /* Info.plist */,
				92392C8922AD697700E357C8 /* AppDelegate.swift */,
				92392C8B22AD697700E357C8 /* ViewController.swift */,
				92392C9E22AD6AA500E357C8 /* String+Localizable.swift */,
				92392CAB22AD7C8B00E357C8 /* R.generated.swift */,
			);
			path = "Localizable-Test";
			sourceTree = "<group>";
		};
		92392C9D22AD6A6B00E357C8 /* Resources */ = {
			isa = PBXGroup;
			children = (
				92392C9022AD697900E357C8 /* Assets.xcassets */,
				92392C9222AD697900E357C8 /* LaunchScreen.storyboard */,
				92392C8D22AD697700E357C8 /* Main.storyboard */,
				92392CA822AD72D400E357C8 /* Localizable.strings */,
			);
			path = Resources;
			sourceTree = "<group>";
		};
		9315F3C8578E59A53F5B0390 /* Frameworks */ = {
			isa = PBXGroup;
			children = (
				CA231C824D136B264AC1C17E /* Pods_Localizable_Test.framework */,
			);
			name = Frameworks;
			sourceTree = "<group>";
		};
/* End PBXGroup section */

/* Begin PBXNativeTarget section */
		92392C8522AD697700E357C8 /* Localizable-Test */ = {
			isa = PBXNativeTarget;
			buildConfigurationList = 92392C9822AD697900E357C8 /* Build configuration list for PBXNativeTarget "Localizable-Test" */;
			buildPhases = (
				364E430915B0B9B18B4151E8 /* [CP] Check Pods Manifest.lock */,
				92392CAA22AD7BB400E357C8 /* ShellScript */,
				92392C8222AD697700E357C8 /* Sources */,
				92392C8322AD697700E357C8 /* Frameworks */,
				92392C8422AD697700E357C8 /* Resources */,
				742D29F97298F7332D2E8509 /* [CP] Embed Pods Frameworks */,
			);
			buildRules = (
			);
			dependencies = (
			);
			name = "Localizable-Test";
			productName = "Localizable-Test";
			productReference = 92392C8622AD697700E357C8 /* Localizable-Test.app */;
			productType = "com.apple.product-type.application";
		};
/* End PBXNativeTarget section */

/* Begin PBXProject section */
		92392C7E22AD697700E357C8 /* Project object */ = {
			isa = PBXProject;
			attributes = {
				LastSwiftUpdateCheck = 1020;
				LastUpgradeCheck = 1020;
				ORGANIZATIONNAME = "Serhii Syrotynin";
				TargetAttributes = {
					92392C8522AD697700E357C8 = {
						CreatedOnToolsVersion = 10.2.1;
					};
				};
			};
			buildConfigurationList = 92392C8122AD697700E357C8 /* Build configuration list for PBXProject "Localizable-Test" */;
			compatibilityVersion = "Xcode 9.3";
			developmentRegion = en;
			hasScannedForEncodings = 0;
			knownRegions = (
				en,
				Base,
				ru,
			);
			mainGroup = 92392C7D22AD697700E357C8;
			productRefGroup = 92392C8722AD697700E357C8 /* Products */;
			projectDirPath = "";
			projectRoot = "";
			targets = (
				92392C8522AD697700E357C8 /* Localizable-Test */,
			);
		};
/* End PBXProject section */

/* Begin PBXResourcesBuildPhase section */
		92392C8422AD697700E357C8 /* Resources */ = {
			isa = PBXResourcesBuildPhase;
			buildActionMask = 2147483647;
			files = (
				92392C9422AD697900E357C8 /* LaunchScreen.storyboard in Resources */,
				92392CA622AD72D400E357C8 /* Localizable.strings in Resources */,
				92392C9122AD697900E357C8 /* Assets.xcassets in Resources */,
				92392C8F22AD697700E357C8 /* Main.storyboard in Resources */,
			);
			runOnlyForDeploymentPostprocessing = 0;
		};
/* End PBXResourcesBuildPhase section */

/* Begin PBXShellScriptBuildPhase section */
		364E430915B0B9B18B4151E8 /* [CP] Check Pods Manifest.lock */ = {
			isa = PBXShellScriptBuildPhase;
			buildActionMask = 2147483647;
			files = (
			);
			inputFileListPaths = (
			);
			inputPaths = (
				"${PODS_PODFILE_DIR_PATH}/Podfile.lock",
				"${PODS_ROOT}/Manifest.lock",
			);
			name = "[CP] Check Pods Manifest.lock";
			outputFileListPaths = (
			);
			outputPaths = (
				"$(DERIVED_FILE_DIR)/Pods-Localizable-Test-checkManifestLockResult.txt",
			);
			runOnlyForDeploymentPostprocessing = 0;
			shellPath = /bin/sh;
			shellScript = "diff \"${PODS_PODFILE_DIR_PATH}/Podfile.lock\" \"${PODS_ROOT}/Manifest.lock\" > /dev/null\nif [ $? != 0 ] ; then\n    # print error to STDERR\n    echo \"error: The sandbox is not in sync with the Podfile.lock. Run 'pod install' or update your CocoaPods installation.\" >&2\n    exit 1\nfi\n# This output is used by Xcode 'outputs' to avoid re-running this script phase.\necho \"SUCCESS\" > \"${SCRIPT_OUTPUT_FILE_0}\"\n";
			showEnvVarsInLog = 0;
		};
		742D29F97298F7332D2E8509 /* [CP] Embed Pods Frameworks */ = {
			isa = PBXShellScriptBuildPhase;
			buildActionMask = 2147483647;
			files = (
			);
			inputFileListPaths = (
			);
			inputPaths = (
				"${PODS_ROOT}/Target Support Files/Pods-Localizable-Test/Pods-Localizable-Test-frameworks.sh",
				"${BUILT_PRODUCTS_DIR}/R.swift.Library/Rswift.framework",
			);
			name = "[CP] Embed Pods Frameworks";
			outputFileListPaths = (
			);
			outputPaths = (
				"${TARGET_BUILD_DIR}/${FRAMEWORKS_FOLDER_PATH}/Rswift.framework",
			);
			runOnlyForDeploymentPostprocessing = 0;
			shellPath = /bin/sh;
			shellScript = "\"${PODS_ROOT}/Target Support Files/Pods-Localizable-Test/Pods-Localizable-Test-frameworks.sh\"\n";
			showEnvVarsInLog = 0;
		};
		92392CAA22AD7BB400E357C8 /* ShellScript */ = {
			isa = PBXShellScriptBuildPhase;
			buildActionMask = 2147483647;
			files = (
			);
			inputFileListPaths = (
			);
			inputPaths = (
				"$TEMP_DIR/rswift-lastrun",
			);
			outputFileListPaths = (
			);
			outputPaths = (
				$SRCROOT/R.generated.swift,
			);
			runOnlyForDeploymentPostprocessing = 0;
			shellPath = /bin/sh;
			shellScript = "\"$PODS_ROOT/R.swift/rswift\" generate \"$SRCROOT/R.generated.swift\"\n";
		};
/* End PBXShellScriptBuildPhase section */

/* Begin PBXSourcesBuildPhase section */
		92392C8222AD697700E357C8 /* Sources */ = {
			isa = PBXSourcesBuildPhase;
			buildActionMask = 2147483647;
			files = (
				92392C8C22AD697700E357C8 /* ViewController.swift in Sources */,
				92392C8A22AD697700E357C8 /* AppDelegate.swift in Sources */,
				92392C9F22AD6AA500E357C8 /* String+Localizable.swift in Sources */,
				92392CAC22AD7C8C00E357C8 /* R.generated.swift in Sources */,
			);
			runOnlyForDeploymentPostprocessing = 0;
		};
/* End PBXSourcesBuildPhase section */

/* Begin PBXVariantGroup section */
		92392C8D22AD697700E357C8 /* Main.storyboard */ = {
			isa = PBXVariantGroup;
			children = (
				92392C8E22AD697700E357C8 /* Base */,
			);
			name = Main.storyboard;
			sourceTree = "<group>";
		};
		92392C9222AD697900E357C8 /* LaunchScreen.storyboard */ = {
			isa = PBXVariantGroup;
			children = (
				92392C9322AD697900E357C8 /* Base */,
			);
			name = LaunchScreen.storyboard;
			sourceTree = "<group>";
		};
		92392CA822AD72D400E357C8 /* Localizable.strings */ = {
			isa = PBXVariantGroup;
			children = (
				92392CA722AD72D400E357C8 /* en */,
				92392CA922AD72D500E357C8 /* ru */,
			);
			name = Localizable.strings;
			sourceTree = "<group>";
		};
/* End PBXVariantGroup section */

/* Begin XCBuildConfiguration section */
		92392C9622AD697900E357C8 /* Debug */ = {
			isa = XCBuildConfiguration;
			buildSettings = {
				ALWAYS_SEARCH_USER_PATHS = NO;
				CLANG_ANALYZER_LOCALIZABILITY_NONLOCALIZED = YES;
				CLANG_ANALYZER_NONNULL = YES;
				CLANG_ANALYZER_NUMBER_OBJECT_CONVERSION = YES_AGGRESSIVE;
				CLANG_CXX_LANGUAGE_STANDARD = "gnu++14";
				CLANG_CXX_LIBRARY = "libc++";
				CLANG_ENABLE_MODULES = YES;
				CLANG_ENABLE_OBJC_ARC = YES;
				CLANG_ENABLE_OBJC_WEAK = YES;
				CLANG_WARN_BLOCK_CAPTURE_AUTORELEASING = YES;
				CLANG_WARN_BOOL_CONVERSION = YES;
				CLANG_WARN_COMMA = YES;
				CLANG_WARN_CONSTANT_CONVERSION = YES;
				CLANG_WARN_DEPRECATED_OBJC_IMPLEMENTATIONS = YES;
				CLANG_WARN_DIRECT_OBJC_ISA_USAGE = YES_ERROR;
				CLANG_WARN_DOCUMENTATION_COMMENTS = YES;
				CLANG_WARN_EMPTY_BODY = YES;
				CLANG_WARN_ENUM_CONVERSION = YES;
				CLANG_WARN_INFINITE_RECURSION = YES;
				CLANG_WARN_INT_CONVERSION = YES;
				CLANG_WARN_NON_LITERAL_NULL_CONVERSION = YES;
				CLANG_WARN_OBJC_IMPLICIT_RETAIN_SELF = YES;
				CLANG_WARN_OBJC_LITERAL_CONVERSION = YES;
				CLANG_WARN_OBJC_ROOT_CLASS = YES_ERROR;
				CLANG_WARN_RANGE_LOOP_ANALYSIS = YES;
				CLANG_WARN_STRICT_PROTOTYPES = YES;
				CLANG_WARN_SUSPICIOUS_MOVE = YES;
				CLANG_WARN_UNGUARDED_AVAILABILITY = YES_AGGRESSIVE;
				CLANG_WARN_UNREACHABLE_CODE = YES;
				CLANG_WARN__DUPLICATE_METHOD_MATCH = YES;
				CODE_SIGN_IDENTITY = "iPhone Developer";
				COPY_PHASE_STRIP = NO;
				DEBUG_INFORMATION_FORMAT = dwarf;
				ENABLE_STRICT_OBJC_MSGSEND = YES;
				ENABLE_TESTABILITY = YES;
				GCC_C_LANGUAGE_STANDARD = gnu11;
				GCC_DYNAMIC_NO_PIC = NO;
				GCC_NO_COMMON_BLOCKS = YES;
				GCC_OPTIMIZATION_LEVEL = 0;
				GCC_PREPROCESSOR_DEFINITIONS = (
					"DEBUG=1",
					"$(inherited)",
				);
				GCC_WARN_64_TO_32_BIT_CONVERSION = YES;
				GCC_WARN_ABOUT_RETURN_TYPE = YES_ERROR;
				GCC_WARN_UNDECLARED_SELECTOR = YES;
				GCC_WARN_UNINITIALIZED_AUTOS = YES_AGGRESSIVE;
				GCC_WARN_UNUSED_FUNCTION = YES;
				GCC_WARN_UNUSED_VARIABLE = YES;
				IPHONEOS_DEPLOYMENT_TARGET = 12.2;
				MTL_ENABLE_DEBUG_INFO = INCLUDE_SOURCE;
				MTL_FAST_MATH = YES;
				ONLY_ACTIVE_ARCH = YES;
				SDKROOT = iphoneos;
				SWIFT_ACTIVE_COMPILATION_CONDITIONS = DEBUG;
				SWIFT_OPTIMIZATION_LEVEL = "-Onone";
			};
			name = Debug;
		};
		92392C9722AD697900E357C8 /* Release */ = {
			isa = XCBuildConfiguration;
			buildSettings = {
				ALWAYS_SEARCH_USER_PATHS = NO;
				CLANG_ANALYZER_LOCALIZABILITY_NONLOCALIZED = YES;
				CLANG_ANALYZER_NONNULL = YES;
				CLANG_ANALYZER_NUMBER_OBJECT_CONVERSION = YES_AGGRESSIVE;
				CLANG_CXX_LANGUAGE_STANDARD = "gnu++14";
				CLANG_CXX_LIBRARY = "libc++";
				CLANG_ENABLE_MODULES = YES;
				CLANG_ENABLE_OBJC_ARC = YES;
				CLANG_ENABLE_OBJC_WEAK = YES;
				CLANG_WARN_BLOCK_CAPTURE_AUTORELEASING = YES;
				CLANG_WARN_BOOL_CONVERSION = YES;
				CLANG_WARN_COMMA = YES;
				CLANG_WARN_CONSTANT_CONVERSION = YES;
				CLANG_WARN_DEPRECATED_OBJC_IMPLEMENTATIONS = YES;
				CLANG_WARN_DIRECT_OBJC_ISA_USAGE = YES_ERROR;
				CLANG_WARN_DOCUMENTATION_COMMENTS = YES;
				CLANG_WARN_EMPTY_BODY = YES;
				CLANG_WARN_ENUM_CONVERSION = YES;
				CLANG_WARN_INFINITE_RECURSION = YES;
				CLANG_WARN_INT_CONVERSION = YES;
				CLANG_WARN_NON_LITERAL_NULL_CONVERSION = YES;
				CLANG_WARN_OBJC_IMPLICIT_RETAIN_SELF = YES;
				CLANG_WARN_OBJC_LITERAL_CONVERSION = YES;
				CLANG_WARN_OBJC_ROOT_CLASS = YES_ERROR;
				CLANG_WARN_RANGE_LOOP_ANALYSIS = YES;
				CLANG_WARN_STRICT_PROTOTYPES = YES;
				CLANG_WARN_SUSPICIOUS_MOVE = YES;
				CLANG_WARN_UNGUARDED_AVAILABILITY = YES_AGGRESSIVE;
				CLANG_WARN_UNREACHABLE_CODE = YES;
				CLANG_WARN__DUPLICATE_METHOD_MATCH = YES;
				CODE_SIGN_IDENTITY = "iPhone Developer";
				COPY_PHASE_STRIP = NO;
				DEBUG_INFORMATION_FORMAT = "dwarf-with-dsym";
				ENABLE_NS_ASSERTIONS = NO;
				ENABLE_STRICT_OBJC_MSGSEND = YES;
				GCC_C_LANGUAGE_STANDARD = gnu11;
				GCC_NO_COMMON_BLOCKS = YES;
				GCC_WARN_64_TO_32_BIT_CONVERSION = YES;
				GCC_WARN_ABOUT_RETURN_TYPE = YES_ERROR;
				GCC_WARN_UNDECLARED_SELECTOR = YES;
				GCC_WARN_UNINITIALIZED_AUTOS = YES_AGGRESSIVE;
				GCC_WARN_UNUSED_FUNCTION = YES;
				GCC_WARN_UNUSED_VARIABLE = YES;
				IPHONEOS_DEPLOYMENT_TARGET = 12.2;
				MTL_ENABLE_DEBUG_INFO = NO;
				MTL_FAST_MATH = YES;
				SDKROOT = iphoneos;
				SWIFT_COMPILATION_MODE = wholemodule;
				SWIFT_OPTIMIZATION_LEVEL = "-O";
				VALIDATE_PRODUCT = YES;
			};
			name = Release;
		};
		92392C9922AD697900E357C8 /* Debug */ = {
			isa = XCBuildConfiguration;
			baseConfigurationReference = E364DF04FFDE1D173903445A /* Pods-Localizable-Test.debug.xcconfig */;
			buildSettings = {
				ASSETCATALOG_COMPILER_APPICON_NAME = AppIcon;
				CODE_SIGN_STYLE = Automatic;
				DEVELOPMENT_TEAM = FCMBP2AP29;
				INFOPLIST_FILE = "Localizable-Test/Info.plist";
				LD_RUNPATH_SEARCH_PATHS = (
					"$(inherited)",
					"@executable_path/Frameworks",
				);
				PRODUCT_BUNDLE_IDENTIFIER = "sesyr.Localizable-Test";
				PRODUCT_NAME = "$(TARGET_NAME)";
				SWIFT_VERSION = 5.0;
				TARGETED_DEVICE_FAMILY = "1,2";
			};
			name = Debug;
		};
		92392C9A22AD697900E357C8 /* Release */ = {
			isa = XCBuildConfiguration;
			baseConfigurationReference = C9B27E60D885E01253FC6027 /* Pods-Localizable-Test.release.xcconfig */;
			buildSettings = {
				ASSETCATALOG_COMPILER_APPICON_NAME = AppIcon;
				CODE_SIGN_STYLE = Automatic;
				DEVELOPMENT_TEAM = FCMBP2AP29;
				INFOPLIST_FILE = "Localizable-Test/Info.plist";
				LD_RUNPATH_SEARCH_PATHS = (
					"$(inherited)",
					"@executable_path/Frameworks",
				);
				PRODUCT_BUNDLE_IDENTIFIER = "sesyr.Localizable-Test";
				PRODUCT_NAME = "$(TARGET_NAME)";
				SWIFT_VERSION = 5.0;
				TARGETED_DEVICE_FAMILY = "1,2";
			};
			name = Release;
		};
/* End XCBuildConfiguration section */

/* Begin XCConfigurationList section */
		92392C8122AD697700E357C8 /* Build configuration list for PBXProject "Localizable-Test" */ = {
			isa = XCConfigurationList;
			buildConfigurations = (
				92392C9622AD697900E357C8 /* Debug */,
				92392C9722AD697900E357C8 /* Release */,
			);
			defaultConfigurationIsVisible = 0;
			defaultConfigurationName = Release;
		};
		92392C9822AD697900E357C8 /* Build configuration list for PBXNativeTarget "Localizable-Test" */ = {
			isa = XCConfigurationList;
			buildConfigurations = (
				92392C9922AD697900E357C8 /* Debug */,
				92392C9A22AD697900E357C8 /* Release */,
			);
			defaultConfigurationIsVisible = 0;
			defaultConfigurationName = Release;
		};
/* End XCConfigurationList section */
	};
	rootObject = 92392C7E22AD697700E357C8 /* Project object */;
}
